{
  "name": "epistemic-foundry-workspace",
  "version": "4.0.0",
  "lockfileVersion": 3,
  "requires": true,
  "packages": {
    "": {
      "name": "epistemic-foundry-workspace",
      "version": "4.0.0",
      "workspaces": [
        "packages/*"
      ]
    },
    "node_modules/@epistemic-foundry/context-capsule": {
      "resolved": "packages/context-capsule",
      "link": true
    },
    "node_modules/@epistemic-foundry/contracts": {
      "resolved": "packages/contracts",
      "link": true
    },
    "node_modules/@epistemic-foundry/foundry-kernel": {
      "resolved": "packages/foundry-kernel",
      "link": true
    },
    "node_modules/@epistemic-foundry/plugin-host": {
      "resolved": "packages/plugin-host",
      "link": true
    },
    "node_modules/@epistemic-foundry/repo-checks": {
      "resolved": "packages/repo-checks",
      "link": true
    },
    "node_modules/@epistemic-foundry/role-router": {
      "resolved": "packages/role-router",
      "link": true
    },
    "node_modules/@epistemic-foundry/skill-vault": {
      "resolved": "packages/skill-vault",
      "link": true
    },
    "node_modules/@epistemic-foundry/transport-kernel": {
      "resolved": "packages/transport-kernel",
      "link": true
    },
    "node_modules/@epistemic-foundry/ui-api": {
      "resolved": "packages/ui-api",
      "link": true
    },
    "node_modules/@epistemic-foundry/workspace-map": {
      "resolved": "packages/workspace-map",
      "link": true
    },
    "packages/context-capsule": {
      "name": "@epistemic-foundry/context-capsule",
      "version": "0.0.0-scaffold",
      "dependencies": {
        "@epistemic-foundry/contracts": "0.0.0-scaffold",
        "@epistemic-foundry/foundry-kernel": "0.0.0-scaffold"
      }
    },
    "packages/contracts": {
      "name": "@epistemic-foundry/contracts",
      "version": "0.0.0-scaffold"
    },
    "packages/foundry-kernel": {
      "name": "@epistemic-foundry/foundry-kernel",
      "version": "0.0.0-scaffold",
      "dependencies": {
        "@epistemic-foundry/contracts": "0.0.0-scaffold",
        "@epistemic-foundry/transport-kernel": "0.0.0-scaffold"
      }
    },
    "packages/plugin-host": {
      "name": "@epistemic-foundry/plugin-host",
      "version": "0.0.0-scaffold",
      "dependencies": {
        "@epistemic-foundry/contracts": "0.0.0-scaffold",
        "@epistemic-foundry/foundry-kernel": "0.0.0-scaffold",
        "@epistemic-foundry/role-router": "0.0.0-scaffold",
        "@epistemic-foundry/transport-kernel": "0.0.0-scaffold"
      }
    },
    "packages/repo-checks": {
      "name": "@epistemic-foundry/repo-checks",
      "version": "0.0.0-scaffold"
    },
    "packages/role-router": {
      "name": "@epistemic-foundry/role-router",
      "version": "0.0.0-scaffold",
      "dependencies": {
        "@epistemic-foundry/contracts": "0.0.0-scaffold",
        "@epistemic-foundry/foundry-kernel": "0.0.0-scaffold"
      }
    },
    "packages/skill-vault": {
      "name": "@epistemic-foundry/skill-vault",
      "version": "0.0.0-scaffold",
      "dependencies": {
        "@epistemic-foundry/contracts": "0.0.0-scaffold",
        "@epistemic-foundry/foundry-kernel": "0.0.0-scaffold"
      }
    },
    "packages/transport-kernel": {
      "name": "@epistemic-foundry/transport-kernel",
      "version": "0.0.0-scaffold",
      "dependencies": {
        "@epistemic-foundry/contracts": "0.0.0-scaffold"
      }
    },
    "packages/ui-api": {
      "name": "@epistemic-foundry/ui-api",
      "version": "0.0.0-scaffold",
      "dependencies": {
        "@epistemic-foundry/contracts": "0.0.0-scaffold",
        "@epistemic-foundry/foundry-kernel": "0.0.0-scaffold",
        "@epistemic-foundry/transport-kernel": "0.0.0-scaffold"
      }
    },
    "packages/workspace-map": {
      "name": "@epistemic-foundry/workspace-map",
      "version": "0.0.0-scaffold",
      "dependencies": {
        "@epistemic-foundry/contracts": "0.0.0-scaffold",
        "@epistemic-foundry/foundry-kernel": "0.0.0-scaffold"
      }
    }
  }
}
